
Microsoft Visual Studio Solution File, Format Version 12.00
# Visual Studio Version 17
VisualStudioVersion = 17.0.32126.317
MinimumVisualStudioVersion = 10.0.40219.1
Project("{FAE04EC0-301F-11D3-BF4B-00C04F79EFBC}") = "WebApplication5", "WebApplication5\WebApplication5.csproj", "{EFAA8FF0-DB37-4286-9305-8D227B8A7940}"
EndProject
Global
	GlobalSection(SolutionConfigurationPlatforms) = preSolution
		Debug|Any CPU = Debug|Any CPU
		Release|Any CPU = Release|Any CPU
	EndGlobalSection
	GlobalSection(ProjectConfigurationPlatforms) = postSolution
		{EFAA8FF0-DB37-4286-9305-8D227B8A7940}.Debug|Any CPU.ActiveCfg = Debug|Any CPU
		{EFAA8FF0-DB37-4286-9305-8D227B8A7940}.Debug|Any CPU.Build.0 = Debug|Any CPU
		{EFAA8FF0-DB37-4286-9305-8D227B8A7940}.Release|Any CPU.ActiveCfg = Release|Any CPU
		{EFAA8FF0-DB37-4286-9305-8D227B8A7940}.Release|Any CPU.Build.0 = Release|Any CPU
	EndGlobalSection
	GlobalSection(SolutionProperties) = preSolution
		HideSolutionNode = FALSE
	EndGlobalSection
	GlobalSection(ExtensibilityGlobals) = postSolution
		SolutionGuid = {47E99217-452D-41D1-8362-1A30B2EDA707}
	EndGlobalSection
EndGlobal
